// !$*UTF8*$!
{
	archiveVersion = 1;
	classes = {
	};
	objectVersion = 46;
	objects = {

/* Begin PBXBuildFile section */
		8B01D8471E2B3EA40062459A /* BWCustomAnimation.m in Sources */ = {isa = PBXBuildFile; fileRef = 8B01D8341E2B3EA40062459A /* BWCustomAnimation.m */; };
		8B01D8481E2B3EA40062459A /* BWCustomTransitionDelegate.m in Sources */ = {isa = PBXBuildFile; fileRef = 8B01D8361E2B3EA40062459A /* BWCustomTransitionDelegate.m */; };
		8B01D8491E2B3EA40062459A /* BWTransitionManager+FadeAndScale.m in Sources */ = {isa = PBXBuildFile; fileRef = 8B01D8381E2B3EA40062459A /* BWTransitionManager+FadeAndScale.m */; };
		8B01D84A1E2B3EA40062459A /* BWTransitionManager+PageIn.m in Sources */ = {isa = PBXBuildFile; fileRef = 8B01D83A1E2B3EA40062459A /* BWTransitionManager+PageIn.m */; };
		8B01D84B1E2B3EA40062459A /* BWTransitionManager+PageOut.m in Sources */ = {isa = PBXBuildFile; fileRef = 8B01D83C1E2B3EA40062459A /* BWTransitionManager+PageOut.m */; };
		8B01D84C1E2B3EA40062459A /* BWTransitionManager.m in Sources */ = {isa = PBXBuildFile; fileRef = 8B01D83E1E2B3EA40062459A /* BWTransitionManager.m */; };
		8B01D84D1E2B3EA40062459A /* NSObject+Swizzle.m in Sources */ = {isa = PBXBuildFile; fileRef = 8B01D8401E2B3EA40062459A /* NSObject+Swizzle.m */; };
		8B01D84E1E2B3EA40062459A /* UINavigationController+animationBlock.m in Sources */ = {isa = PBXBuildFile; fileRef = 8B01D8421E2B3EA40062459A /* UINavigationController+animationBlock.m */; };
		8B01D84F1E2B3EA40062459A /* UITabBarController+animationBlock.m in Sources */ = {isa = PBXBuildFile; fileRef = 8B01D8441E2B3EA40062459A /* UITabBarController+animationBlock.m */; };
		8B01D8501E2B3EA40062459A /* UIViewController+animationBlock.m in Sources */ = {isa = PBXBuildFile; fileRef = 8B01D8461E2B3EA40062459A /* UIViewController+animationBlock.m */; };
		8B01D8531E2B56B20062459A /* BWImgViewController.m in Sources */ = {isa = PBXBuildFile; fileRef = 8B01D8521E2B56B20062459A /* BWImgViewController.m */; };
		8B66489C1E32E4BF005F4B8C /* BWTransitionViewController.m in Sources */ = {isa = PBXBuildFile; fileRef = 8B66489B1E32E4BF005F4B8C /* BWTransitionViewController.m */; };
		8B6648A21E3324F4005F4B8C /* BWTransitionCollectionCell.m in Sources */ = {isa = PBXBuildFile; fileRef = 8B6648A11E3324F4005F4B8C /* BWTransitionCollectionCell.m */; };
		8B6648AB1E333E25005F4B8C /* BWTransitionManager+PhotoBrowserIn.m in Sources */ = {isa = PBXBuildFile; fileRef = 8B6648AA1E333E25005F4B8C /* BWTransitionManager+PhotoBrowserIn.m */; };
		8B6648B01E334748005F4B8C /* BWPhotoBrowserVC.m in Sources */ = {isa = PBXBuildFile; fileRef = 8B6648AD1E334748005F4B8C /* BWPhotoBrowserVC.m */; };
		8B6648B11E334748005F4B8C /* BWPhotoBrowserView.m in Sources */ = {isa = PBXBuildFile; fileRef = 8B6648AF1E334748005F4B8C /* BWPhotoBrowserView.m */; };
		8B6648B51E343721005F4B8C /* BWTransitionManager+PhotoBrowserOut.m in Sources */ = {isa = PBXBuildFile; fileRef = 8B6648B41E343721005F4B8C /* BWTransitionManager+PhotoBrowserOut.m */; };
		8BDB40831D7BD481006DDFF8 /* main.m in Sources */ = {isa = PBXBuildFile; fileRef = 8BDB40821D7BD481006DDFF8 /* main.m */; };
		8BDB40861D7BD481006DDFF8 /* AppDelegate.m in Sources */ = {isa = PBXBuildFile; fileRef = 8BDB40851D7BD481006DDFF8 /* AppDelegate.m */; };
		8BDB408E1D7BD481006DDFF8 /* Assets.xcassets in Resources */ = {isa = PBXBuildFile; fileRef = 8BDB408D1D7BD481006DDFF8 /* Assets.xcassets */; };
		8BDB40911D7BD481006DDFF8 /* LaunchScreen.storyboard in Resources */ = {isa = PBXBuildFile; fileRef = 8BDB408F1D7BD481006DDFF8 /* LaunchScreen.storyboard */; };
/* End PBXBuildFile section */

/* Begin PBXFileReference section */
		8B01D8331E2B3EA40062459A /* BWCustomAnimation.h */ = {isa = PBXFileReference; fileEncoding = 4; lastKnownFileType = sourcecode.c.h; path = BWCustomAnimation.h; sourceTree = "<group>"; };
		8B01D8341E2B3EA40062459A /* BWCustomAnimation.m */ = {isa = PBXFileReference; fileEncoding = 4; lastKnownFileType = sourcecode.c.objc; path = BWCustomAnimation.m; sourceTree = "<group>"; };
		8B01D8351E2B3EA40062459A /* BWCustomTransitionDelegate.h */ = {isa = PBXFileReference; fileEncoding = 4; lastKnownFileType = sourcecode.c.h; path = BWCustomTransitionDelegate.h; sourceTree = "<group>"; };
		8B01D8361E2B3EA40062459A /* BWCustomTransitionDelegate.m */ = {isa = PBXFileReference; fileEncoding = 4; lastKnownFileType = sourcecode.c.objc; path = BWCustomTransitionDelegate.m; sourceTree = "<group>"; };
		8B01D8371E2B3EA40062459A /* BWTransitionManager+FadeAndScale.h */ = {isa = PBXFileReference; fileEncoding = 4; lastKnownFileType = sourcecode.c.h; path = "BWTransitionManager+FadeAndScale.h"; sourceTree = "<group>"; };
		8B01D8381E2B3EA40062459A /* BWTransitionManager+FadeAndScale.m */ = {isa = PBXFileReference; fileEncoding = 4; lastKnownFileType = sourcecode.c.objc; path = "BWTransitionManager+FadeAndScale.m"; sourceTree = "<group>"; };
		8B01D8391E2B3EA40062459A /* BWTransitionManager+PageIn.h */ = {isa = PBXFileReference; fileEncoding = 4; lastKnownFileType = sourcecode.c.h; path = "BWTransitionManager+PageIn.h"; sourceTree = "<group>"; };
		8B01D83A1E2B3EA40062459A /* BWTransitionManager+PageIn.m */ = {isa = PBXFileReference; fileEncoding = 4; lastKnownFileType = sourcecode.c.objc; path = "BWTransitionManager+PageIn.m"; sourceTree = "<group>"; };
		8B01D83B1E2B3EA40062459A /* BWTransitionManager+PageOut.h */ = {isa = PBXFileReference; fileEncoding = 4; lastKnownFileType = sourcecode.c.h; path = "BWTransitionManager+PageOut.h"; sourceTree = "<group>"; };
		8B01D83C1E2B3EA40062459A /* BWTransitionManager+PageOut.m */ = {isa = PBXFileReference; fileEncoding = 4; lastKnownFileType = sourcecode.c.objc; path = "BWTransitionManager+PageOut.m"; sourceTree = "<group>"; };
		8B01D83D1E2B3EA40062459A /* BWTransitionManager.h */ = {isa = PBXFileReference; fileEncoding = 4; lastKnownFileType = sourcecode.c.h; path = BWTransitionManager.h; sourceTree = "<group>"; };
		8B01D83E1E2B3EA40062459A /* BWTransitionManager.m */ = {isa = PBXFileReference; fileEncoding = 4; lastKnownFileType = sourcecode.c.objc; path = BWTransitionManager.m; sourceTree = "<group>"; };
		8B01D83F1E2B3EA40062459A /* NSObject+Swizzle.h */ = {isa = PBXFileReference; fileEncoding = 4; lastKnownFileType = sourcecode.c.h; path = "NSObject+Swizzle.h"; sourceTree = "<group>"; };
		8B01D8401E2B3EA40062459A /* NSObject+Swizzle.m */ = {isa = PBXFileReference; fileEncoding = 4; lastKnownFileType = sourcecode.c.objc; path = "NSObject+Swizzle.m"; sourceTree = "<group>"; };
		8B01D8411E2B3EA40062459A /* UINavigationController+animationBlock.h */ = {isa = PBXFileReference; fileEncoding = 4; lastKnownFileType = sourcecode.c.h; path = "UINavigationController+animationBlock.h"; sourceTree = "<group>"; };
		8B01D8421E2B3EA40062459A /* UINavigationController+animationBlock.m */ = {isa = PBXFileReference; fileEncoding = 4; lastKnownFileType = sourcecode.c.objc; path = "UINavigationController+animationBlock.m"; sourceTree = "<group>"; };
		8B01D8431E2B3EA40062459A /* UITabBarController+animationBlock.h */ = {isa = PBXFileReference; fileEncoding = 4; lastKnownFileType = sourcecode.c.h; path = "UITabBarController+animationBlock.h"; sourceTree = "<group>"; };
		8B01D8441E2B3EA40062459A /* UITabBarController+animationBlock.m */ = {isa = PBXFileReference; fileEncoding = 4; lastKnownFileType = sourcecode.c.objc; path = "UITabBarController+animationBlock.m"; sourceTree = "<group>"; };
		8B01D8451E2B3EA40062459A /* UIViewController+animationBlock.h */ = {isa = PBXFileReference; fileEncoding = 4; lastKnownFileType = sourcecode.c.h; path = "UIViewController+animationBlock.h"; sourceTree = "<group>"; };
		8B01D8461E2B3EA40062459A /* UIViewController+animationBlock.m */ = {isa = PBXFileReference; fileEncoding = 4; lastKnownFileType = sourcecode.c.objc; path = "UIViewController+animationBlock.m"; sourceTree = "<group>"; };
		8B01D8511E2B56B20062459A /* BWImgViewController.h */ = {isa = PBXFileReference; fileEncoding = 4; lastKnownFileType = sourcecode.c.h; path = BWImgViewController.h; sourceTree = "<group>"; };
		8B01D8521E2B56B20062459A /* BWImgViewController.m */ = {isa = PBXFileReference; fileEncoding = 4; lastKnownFileType = sourcecode.c.objc; path = BWImgViewController.m; sourceTree = "<group>"; };
		8B02451E1D8CE5410099FE5E /* BWCustomTransition.h */ = {isa = PBXFileReference; lastKnownFileType = sourcecode.c.h; name = BWCustomTransition.h; path = ../BWCustomTransition.h; sourceTree = "<group>"; };
		8B66489A1E32E4BF005F4B8C /* BWTransitionViewController.h */ = {isa = PBXFileReference; fileEncoding = 4; lastKnownFileType = sourcecode.c.h; path = BWTransitionViewController.h; sourceTree = "<group>"; };
		8B66489B1E32E4BF005F4B8C /* BWTransitionViewController.m */ = {isa = PBXFileReference; fileEncoding = 4; lastKnownFileType = sourcecode.c.objc; path = BWTransitionViewController.m; sourceTree = "<group>"; };
		8B6648A01E3324F4005F4B8C /* BWTransitionCollectionCell.h */ = {isa = PBXFileReference; fileEncoding = 4; lastKnownFileType = sourcecode.c.h; path = BWTransitionCollectionCell.h; sourceTree = "<group>"; };
		8B6648A11E3324F4005F4B8C /* BWTransitionCollectionCell.m */ = {isa = PBXFileReference; fileEncoding = 4; lastKnownFileType = sourcecode.c.objc; path = BWTransitionCollectionCell.m; sourceTree = "<group>"; };
		8B6648A91E333E25005F4B8C /* BWTransitionManager+PhotoBrowserIn.h */ = {isa = PBXFileReference; fileEncoding = 4; lastKnownFileType = sourcecode.c.h; path = "BWTransitionManager+PhotoBrowserIn.h"; sourceTree = "<group>"; };
		8B6648AA1E333E25005F4B8C /* BWTransitionManager+PhotoBrowserIn.m */ = {isa = PBXFileReference; fileEncoding = 4; lastKnownFileType = sourcecode.c.objc; path = "BWTransitionManager+PhotoBrowserIn.m"; sourceTree = "<group>"; };
		8B6648AD1E334748005F4B8C /* BWPhotoBrowserVC.m */ = {isa = PBXFileReference; fileEncoding = 4; lastKnownFileType = sourcecode.c.objc; path = BWPhotoBrowserVC.m; sourceTree = "<group>"; };
		8B6648AE1E334748005F4B8C /* BWPhotoBrowserView.h */ = {isa = PBXFileReference; fileEncoding = 4; lastKnownFileType = sourcecode.c.h; path = BWPhotoBrowserView.h; sourceTree = "<group>"; };
		8B6648AF1E334748005F4B8C /* BWPhotoBrowserView.m */ = {isa = PBXFileReference; fileEncoding = 4; lastKnownFileType = sourcecode.c.objc; path = BWPhotoBrowserView.m; sourceTree = "<group>"; };
		8B6648B21E335823005F4B8C /* BWPhotoBrowserVC.h */ = {isa = PBXFileReference; lastKnownFileType = sourcecode.c.h; path = BWPhotoBrowserVC.h; sourceTree = "<group>"; };
		8B6648B31E343721005F4B8C /* BWTransitionManager+PhotoBrowserOut.h */ = {isa = PBXFileReference; fileEncoding = 4; lastKnownFileType = sourcecode.c.h; path = "BWTransitionManager+PhotoBrowserOut.h"; sourceTree = "<group>"; };
		8B6648B41E343721005F4B8C /* BWTransitionManager+PhotoBrowserOut.m */ = {isa = PBXFileReference; fileEncoding = 4; lastKnownFileType = sourcecode.c.objc; path = "BWTransitionManager+PhotoBrowserOut.m"; sourceTree = "<group>"; };
		8BDB407E1D7BD481006DDFF8 /* BWCustomTransition.app */ = {isa = PBXFileReference; explicitFileType = wrapper.application; includeInIndex = 0; path = BWCustomTransition.app; sourceTree = BUILT_PRODUCTS_DIR; };
		8BDB40821D7BD481006DDFF8 /* main.m */ = {isa = PBXFileReference; lastKnownFileType = sourcecode.c.objc; path = main.m; sourceTree = "<group>"; };
		8BDB40841D7BD481006DDFF8 /* AppDelegate.h */ = {isa = PBXFileReference; lastKnownFileType = sourcecode.c.h; path = AppDelegate.h; sourceTree = "<group>"; };
		8BDB40851D7BD481006DDFF8 /* AppDelegate.m */ = {isa = PBXFileReference; lastKnownFileType = sourcecode.c.objc; path = AppDelegate.m; sourceTree = "<group>"; };
		8BDB408D1D7BD481006DDFF8 /* Assets.xcassets */ = {isa = PBXFileReference; lastKnownFileType = folder.assetcatalog; path = Assets.xcassets; sourceTree = "<group>"; };
		8BDB40901D7BD481006DDFF8 /* Base */ = {isa = PBXFileReference; lastKnownFileType = file.storyboard; name = Base; path = Base.lproj/LaunchScreen.storyboard; sourceTree = "<group>"; };
		8BDB40921D7BD481006DDFF8 /* Info.plist */ = {isa = PBXFileReference; lastKnownFileType = text.plist.xml; path = Info.plist; sourceTree = "<group>"; };
/* End PBXFileReference section */

/* Begin PBXFrameworksBuildPhase section */
		8BDB407B1D7BD481006DDFF8 /* Frameworks */ = {
			isa = PBXFrameworksBuildPhase;
			buildActionMask = 2147483647;
			files = (
			);
			runOnlyForDeploymentPostprocessing = 0;
		};
/* End PBXFrameworksBuildPhase section */

/* Begin PBXGroup section */
		8B01D8321E2B3EA40062459A /* CustomTransition */ = {
			isa = PBXGroup;
			children = (
				8B02451E1D8CE5410099FE5E /* BWCustomTransition.h */,
				8B01D8331E2B3EA40062459A /* BWCustomAnimation.h */,
				8B01D8341E2B3EA40062459A /* BWCustomAnimation.m */,
				8B01D8351E2B3EA40062459A /* BWCustomTransitionDelegate.h */,
				8B01D8361E2B3EA40062459A /* BWCustomTransitionDelegate.m */,
				8B01D8371E2B3EA40062459A /* BWTransitionManager+FadeAndScale.h */,
				8B01D8381E2B3EA40062459A /* BWTransitionManager+FadeAndScale.m */,
				8B01D8391E2B3EA40062459A /* BWTransitionManager+PageIn.h */,
				8B01D83A1E2B3EA40062459A /* BWTransitionManager+PageIn.m */,
				8B01D83B1E2B3EA40062459A /* BWTransitionManager+PageOut.h */,
				8B01D83C1E2B3EA40062459A /* BWTransitionManager+PageOut.m */,
				8B6648A91E333E25005F4B8C /* BWTransitionManager+PhotoBrowserIn.h */,
				8B6648AA1E333E25005F4B8C /* BWTransitionManager+PhotoBrowserIn.m */,
				8B6648B31E343721005F4B8C /* BWTransitionManager+PhotoBrowserOut.h */,
				8B6648B41E343721005F4B8C /* BWTransitionManager+PhotoBrowserOut.m */,
				8B01D83D1E2B3EA40062459A /* BWTransitionManager.h */,
				8B01D83E1E2B3EA40062459A /* BWTransitionManager.m */,
				8B01D83F1E2B3EA40062459A /* NSObject+Swizzle.h */,
				8B01D8401E2B3EA40062459A /* NSObject+Swizzle.m */,
				8B01D8411E2B3EA40062459A /* UINavigationController+animationBlock.h */,
				8B01D8421E2B3EA40062459A /* UINavigationController+animationBlock.m */,
				8B01D8431E2B3EA40062459A /* UITabBarController+animationBlock.h */,
				8B01D8441E2B3EA40062459A /* UITabBarController+animationBlock.m */,
				8B01D8451E2B3EA40062459A /* UIViewController+animationBlock.h */,
				8B01D8461E2B3EA40062459A /* UIViewController+animationBlock.m */,
			);
			path = CustomTransition;
			sourceTree = "<group>";
		};
		8BDB40751D7BD481006DDFF8 = {
			isa = PBXGroup;
			children = (
				8BDB40801D7BD481006DDFF8 /* BWCustomTransition */,
				8BDB407F1D7BD481006DDFF8 /* Products */,
			);
			sourceTree = "<group>";
		};
		8BDB407F1D7BD481006DDFF8 /* Products */ = {
			isa = PBXGroup;
			children = (
				8BDB407E1D7BD481006DDFF8 /* BWCustomTransition.app */,
			);
			name = Products;
			sourceTree = "<group>";
		};
		8BDB40801D7BD481006DDFF8 /* BWCustomTransition */ = {
			isa = PBXGroup;
			children = (
				8B01D8321E2B3EA40062459A /* CustomTransition */,
				8BDB40841D7BD481006DDFF8 /* AppDelegate.h */,
				8BDB40851D7BD481006DDFF8 /* AppDelegate.m */,
				8B01D8511E2B56B20062459A /* BWImgViewController.h */,
				8B01D8521E2B56B20062459A /* BWImgViewController.m */,
				8B66489A1E32E4BF005F4B8C /* BWTransitionViewController.h */,
				8B66489B1E32E4BF005F4B8C /* BWTransitionViewController.m */,
				8B6648A01E3324F4005F4B8C /* BWTransitionCollectionCell.h */,
				8B6648A11E3324F4005F4B8C /* BWTransitionCollectionCell.m */,
				8B6648B21E335823005F4B8C /* BWPhotoBrowserVC.h */,
				8B6648AD1E334748005F4B8C /* BWPhotoBrowserVC.m */,
				8B6648AE1E334748005F4B8C /* BWPhotoBrowserView.h */,
				8B6648AF1E334748005F4B8C /* BWPhotoBrowserView.m */,
				8BDB408D1D7BD481006DDFF8 /* Assets.xcassets */,
				8BDB408F1D7BD481006DDFF8 /* LaunchScreen.storyboard */,
				8BDB40921D7BD481006DDFF8 /* Info.plist */,
				8BDB40811D7BD481006DDFF8 /* Supporting Files */,
			);
			path = BWCustomTransition;
			sourceTree = "<group>";
		};
		8BDB40811D7BD481006DDFF8 /* Supporting Files */ = {
			isa = PBXGroup;
			children = (
				8BDB40821D7BD481006DDFF8 /* main.m */,
			);
			name = "Supporting Files";
			sourceTree = "<group>";
		};
/* End PBXGroup section */

/* Begin PBXNativeTarget section */
		8BDB407D1D7BD481006DDFF8 /* BWCustomTransition */ = {
			isa = PBXNativeTarget;
			buildConfigurationList = 8BDB40951D7BD481006DDFF8 /* Build configuration list for PBXNativeTarget "BWCustomTransition" */;
			buildPhases = (
				8BDB407A1D7BD481006DDFF8 /* Sources */,
				8BDB407B1D7BD481006DDFF8 /* Frameworks */,
				8BDB407C1D7BD481006DDFF8 /* Resources */,
			);
			buildRules = (
			);
			dependencies = (
			);
			name = BWCustomTransition;
			productName = BWCustomTransition;
			productReference = 8BDB407E1D7BD481006DDFF8 /* BWCustomTransition.app */;
			productType = "com.apple.product-type.application";
		};
/* End PBXNativeTarget section */

/* Begin PBXProject section */
		8BDB40761D7BD481006DDFF8 /* Project object */ = {
			isa = PBXProject;
			attributes = {
				LastUpgradeCheck = 0730;
				ORGANIZATIONNAME = BossKai;
				TargetAttributes = {
					8BDB407D1D7BD481006DDFF8 = {
						CreatedOnToolsVersion = 7.3.1;
						DevelopmentTeam = 6SRSWZ22NX;
					};
				};
			};
			buildConfigurationList = 8BDB40791D7BD481006DDFF8 /* Build configuration list for PBXProject "BWCustomTransition" */;
			compatibilityVersion = "Xcode 3.2";
			developmentRegion = English;
			hasScannedForEncodings = 0;
			knownRegions = (
				en,
				Base,
			);
			mainGroup = 8BDB40751D7BD481006DDFF8;
			productRefGroup = 8BDB407F1D7BD481006DDFF8 /* Products */;
			projectDirPath = "";
			projectRoot = "";
			targets = (
				8BDB407D1D7BD481006DDFF8 /* BWCustomTransition */,
			);
		};
/* End PBXProject section */

/* Begin PBXResourcesBuildPhase section */
		8BDB407C1D7BD481006DDFF8 /* Resources */ = {
			isa = PBXResourcesBuildPhase;
			buildActionMask = 2147483647;
			files = (
				8BDB40911D7BD481006DDFF8 /* LaunchScreen.storyboard in Resources */,
				8BDB408E1D7BD481006DDFF8 /* Assets.xcassets in Resources */,
			);
			runOnlyForDeploymentPostprocessing = 0;
		};
/* End PBXResourcesBuildPhase section */

/* Begin PBXSourcesBuildPhase section */
		8BDB407A1D7BD481006DDFF8 /* Sources */ = {
			isa = PBXSourcesBuildPhase;
			buildActionMask = 2147483647;
			files = (
				8B01D84F1E2B3EA40062459A /* UITabBarController+animationBlock.m in Sources */,
				8B01D84E1E2B3EA40062459A /* UINavigationController+animationBlock.m in Sources */,
				8B01D8471E2B3EA40062459A /* BWCustomAnimation.m in Sources */,
				8B6648A21E3324F4005F4B8C /* BWTransitionCollectionCell.m in Sources */,
				8B01D84C1E2B3EA40062459A /* BWTransitionManager.m in Sources */,
				8B01D84D1E2B3EA40062459A /* NSObject+Swizzle.m in Sources */,
				8B01D84B1E2B3EA40062459A /* BWTransitionManager+PageOut.m in Sources */,
				8B01D8481E2B3EA40062459A /* BWCustomTransitionDelegate.m in Sources */,
				8BDB40861D7BD481006DDFF8 /* AppDelegate.m in Sources */,
				8B01D84A1E2B3EA40062459A /* BWTransitionManager+PageIn.m in Sources */,
				8B01D8501E2B3EA40062459A /* UIViewController+animationBlock.m in Sources */,
				8B01D8531E2B56B20062459A /* BWImgViewController.m in Sources */,
				8B6648B51E343721005F4B8C /* BWTransitionManager+PhotoBrowserOut.m in Sources */,
				8B01D8491E2B3EA40062459A /* BWTransitionManager+FadeAndScale.m in Sources */,
				8B66489C1E32E4BF005F4B8C /* BWTransitionViewController.m in Sources */,
				8B6648AB1E333E25005F4B8C /* BWTransitionManager+PhotoBrowserIn.m in Sources */,
				8B6648B11E334748005F4B8C /* BWPhotoBrowserView.m in Sources */,
				8B6648B01E334748005F4B8C /* BWPhotoBrowserVC.m in Sources */,
				8BDB40831D7BD481006DDFF8 /* main.m in Sources */,
			);
			runOnlyForDeploymentPostprocessing = 0;
		};
/* End PBXSourcesBuildPhase section */

/* Begin PBXVariantGroup section */
		8BDB408F1D7BD481006DDFF8 /* LaunchScreen.storyboard */ = {
			isa = PBXVariantGroup;
			children = (
				8BDB40901D7BD481006DDFF8 /* Base */,
			);
			name = LaunchScreen.storyboard;
			sourceTree = "<group>";
		};
/* End PBXVariantGroup section */

/* Begin XCBuildConfiguration section */
		8BDB40931D7BD481006DDFF8 /* Debug */ = {
			isa = XCBuildConfiguration;
			buildSettings = {
				ALWAYS_SEARCH_USER_PATHS = NO;
				CLANG_ANALYZER_NONNULL = YES;
				CLANG_CXX_LANGUAGE_STANDARD = "gnu++0x";
				CLANG_CXX_LIBRARY = "libc++";
				CLANG_ENABLE_MODULES = YES;
				CLANG_ENABLE_OBJC_ARC = YES;
				CLANG_WARN_BOOL_CONVERSION = YES;
				CLANG_WARN_CONSTANT_CONVERSION = YES;
				CLANG_WARN_DIRECT_OBJC_ISA_USAGE = YES_ERROR;
				CLANG_WARN_EMPTY_BODY = YES;
				CLANG_WARN_ENUM_CONVERSION = YES;
				CLANG_WARN_INT_CONVERSION = YES;
				CLANG_WARN_OBJC_ROOT_CLASS = YES_ERROR;
				CLANG_WARN_UNREACHABLE_CODE = YES;
				CLANG_WARN__DUPLICATE_METHOD_MATCH = YES;
				CODE_SIGN_IDENTITY = "iPhone Developer";
				"CODE_SIGN_IDENTITY[sdk=iphoneos*]" = "iPhone Developer";
				COPY_PHASE_STRIP = NO;
				DEBUG_INFORMATION_FORMAT = dwarf;
				ENABLE_STRICT_OBJC_MSGSEND = YES;
				ENABLE_TESTABILITY = YES;
				GCC_C_LANGUAGE_STANDARD = gnu99;
				GCC_DYNAMIC_NO_PIC = NO;
				GCC_NO_COMMON_BLOCKS = YES;
				GCC_OPTIMIZATION_LEVEL = 0;
				GCC_PREPROCESSOR_DEFINITIONS = (
					"DEBUG=1",
					"$(inherited)",
				);
				GCC_WARN_64_TO_32_BIT_CONVERSION = YES;
				GCC_WARN_ABOUT_RETURN_TYPE = YES_ERROR;
				GCC_WARN_UNDECLARED_SELECTOR = YES;
				GCC_WARN_UNINITIALIZED_AUTOS = YES_AGGRESSIVE;
				GCC_WARN_UNUSED_FUNCTION = YES;
				GCC_WARN_UNUSED_VARIABLE = YES;
				IPHONEOS_DEPLOYMENT_TARGET = 9.3;
				MTL_ENABLE_DEBUG_INFO = YES;
				ONLY_ACTIVE_ARCH = YES;
				SDKROOT = iphoneos;
			};
			name = Debug;
		};
		8BDB40941D7BD481006DDFF8 /* Release */ = {
			isa = XCBuildConfiguration;
			buildSettings = {
				ALWAYS_SEARCH_USER_PATHS = NO;
				CLANG_ANALYZER_NONNULL = YES;
				CLANG_CXX_LANGUAGE_STANDARD = "gnu++0x";
				CLANG_CXX_LIBRARY = "libc++";
				CLANG_ENABLE_MODULES = YES;
				CLANG_ENABLE_OBJC_ARC = YES;
				CLANG_WARN_BOOL_CONVERSION = YES;
				CLANG_WARN_CONSTANT_CONVERSION = YES;
				CLANG_WARN_DIRECT_OBJC_ISA_USAGE = YES_ERROR;
				CLANG_WARN_EMPTY_BODY = YES;
				CLANG_WARN_ENUM_CONVERSION = YES;
				CLANG_WARN_INT_CONVERSION = YES;
				CLANG_WARN_OBJC_ROOT_CLASS = YES_ERROR;
				CLANG_WARN_UNREACHABLE_CODE = YES;
				CLANG_WARN__DUPLICATE_METHOD_MATCH = YES;
				CODE_SIGN_IDENTITY = "iPhone Developer";
				"CODE_SIGN_IDENTITY[sdk=iphoneos*]" = "iPhone Developer";
				COPY_PHASE_STRIP = NO;
				DEBUG_INFORMATION_FORMAT = "dwarf-with-dsym";
				ENABLE_NS_ASSERTIONS = NO;
				ENABLE_STRICT_OBJC_MSGSEND = YES;
				GCC_C_LANGUAGE_STANDARD = gnu99;
				GCC_NO_COMMON_BLOCKS = YES;
				GCC_WARN_64_TO_32_BIT_CONVERSION = YES;
				GCC_WARN_ABOUT_RETURN_TYPE = YES_ERROR;
				GCC_WARN_UNDECLARED_SELECTOR = YES;
				GCC_WARN_UNINITIALIZED_AUTOS = YES_AGGRESSIVE;
				GCC_WARN_UNUSED_FUNCTION = YES;
				GCC_WARN_UNUSED_VARIABLE = YES;
				IPHONEOS_DEPLOYMENT_TARGET = 9.3;
				MTL_ENABLE_DEBUG_INFO = NO;
				SDKROOT = iphoneos;
				VALIDATE_PRODUCT = YES;
			};
			name = Release;
		};
		8BDB40961D7BD481006DDFF8 /* Debug */ = {
			isa = XCBuildConfiguration;
			buildSettings = {
				ASSETCATALOG_COMPILER_APPICON_NAME = AppIcon;
				CODE_SIGN_IDENTITY = "iPhone Developer";
				"CODE_SIGN_IDENTITY[sdk=iphoneos*]" = "iPhone Developer";
				DEVELOPMENT_TEAM = 6SRSWZ22NX;
				INFOPLIST_FILE = BWCustomTransition/Info.plist;
				LD_RUNPATH_SEARCH_PATHS = "$(inherited) @executable_path/Frameworks";
				PRODUCT_BUNDLE_IDENTIFIER = com.baozi.BangBangTang;
				PRODUCT_NAME = "$(TARGET_NAME)";
				PROVISIONING_PROFILE = "";
			};
			name = Debug;
		};
		8BDB40971D7BD481006DDFF8 /* Release */ = {
			isa = XCBuildConfiguration;
			buildSettings = {
				ASSETCATALOG_COMPILER_APPICON_NAME = AppIcon;
				CODE_SIGN_IDENTITY = "iPhone Developer";
				"CODE_SIGN_IDENTITY[sdk=iphoneos*]" = "iPhone Developer";
				DEVELOPMENT_TEAM = 6SRSWZ22NX;
				INFOPLIST_FILE = BWCustomTransition/Info.plist;
				LD_RUNPATH_SEARCH_PATHS = "$(inherited) @executable_path/Frameworks";
				PRODUCT_BUNDLE_IDENTIFIER = com.baozi.BangBangTang;
				PRODUCT_NAME = "$(TARGET_NAME)";
				PROVISIONING_PROFILE = "";
			};
			name = Release;
		};
/* End XCBuildConfiguration section */

/* Begin XCConfigurationList section */
		8BDB40791D7BD481006DDFF8 /* Build configuration list for PBXProject "BWCustomTransition" */ = {
			isa = XCConfigurationList;
			buildConfigurations = (
				8BDB40931D7BD481006DDFF8 /* Debug */,
				8BDB40941D7BD481006DDFF8 /* Release */,
			);
			defaultConfigurationIsVisible = 0;
			defaultConfigurationName = Release;
		};
		8BDB40951D7BD481006DDFF8 /* Build configuration list for PBXNativeTarget "BWCustomTransition" */ = {
			isa = XCConfigurationList;
			buildConfigurations = (
				8BDB40961D7BD481006DDFF8 /* Debug */,
				8BDB40971D7BD481006DDFF8 /* Release */,
			);
			defaultConfigurationIsVisible = 0;
			defaultConfigurationName = Release;
		};
/* End XCConfigurationList section */
	};
	rootObject = 8BDB40761D7BD481006DDFF8 /* Project object */;
}
